// !$*UTF8*$!
{
	archiveVersion = 1;
	classes = {
	};
	objectVersion = 50;
	objects = {

/* Begin PBXBuildFile section */
		23398CEC23F79B6E005D3A55 /* main.m in Sources */ = {isa = PBXBuildFile; fileRef = 23398CEB23F79B6E005D3A55 /* main.m */; };
		23398CF523F79DAA005D3A55 /* MyObj.m in Sources */ = {isa = PBXBuildFile; fileRef = 23398CF423F79DAA005D3A55 /* MyObj.m */; };
		23398CF823F79DD6005D3A55 /* MyObj2.m in Sources */ = {isa = PBXBuildFile; fileRef = 23398CF723F79DD6005D3A55 /* MyObj2.m */; };
		23398CFB23F79F77005D3A55 /* MyObj3.m in Sources */ = {isa = PBXBuildFile; fileRef = 23398CFA23F79F77005D3A55 /* MyObj3.m */; };
		23398D0623F7AC02005D3A55 /* MyObj5.m in Sources */ = {isa = PBXBuildFile; fileRef = 23398D0523F7AC02005D3A55 /* MyObj5.m */; };
		23398CF823F79DD6005D3A55 /* MyObj2.m in Sources */ = {isa = PBXBuildFile; fileRef = 23398CF723F79DD6005D3A55 /* MyObj2.m */; };
		23398D0323F7ABC8005D3A55 /* MyObj_Dev.m in Sources */ = {isa = PBXBuildFile; fileRef = 23398D0223F7ABC8005D3A55 /* MyObj_Dev.m */; };
		23398D0923F7AC5B005D3A55 /* MyObj6.m in Sources */ = {isa = PBXBuildFile; fileRef = 23398D0823F7AC5B005D3A55 /* MyObj6.m */; };
		23398D0F23F7B18C005D3A55 /* MyObj7.m in Sources */ = {isa = PBXBuildFile; fileRef = 23398D0E23F7B18C005D3A55 /* MyObj7.m */; };
/* End PBXBuildFile section */

/* Begin PBXCopyFilesBuildPhase section */
		23398CE623F79B6E005D3A55 /* CopyFiles */ = {
			isa = PBXCopyFilesBuildPhase;
			buildActionMask = 2147483647;
			dstPath = /usr/share/man/man1/;
			dstSubfolderSpec = 0;
			files = (
			);
			runOnlyForDeploymentPostprocessing = 1;
		};
/* End PBXCopyFilesBuildPhase section */

/* Begin PBXFileReference section */
		23398CE823F79B6E005D3A55 /* GitPatchDemo */ = {isa = PBXFileReference; explicitFileType = "compiled.mach-o.executable"; includeInIndex = 0; path = GitPatchDemo; sourceTree = BUILT_PRODUCTS_DIR; };
		23398CEB23F79B6E005D3A55 /* main.m */ = {isa = PBXFileReference; lastKnownFileType = sourcecode.c.objc; path = main.m; sourceTree = "<group>"; };
		23398CF323F79DAA005D3A55 /* MyObj.h */ = {isa = PBXFileReference; lastKnownFileType = sourcecode.c.h; path = MyObj.h; sourceTree = "<group>"; };
		23398CF423F79DAA005D3A55 /* MyObj.m */ = {isa = PBXFileReference; lastKnownFileType = sourcecode.c.objc; path = MyObj.m; sourceTree = "<group>"; };
		23398CF623F79DD6005D3A55 /* MyObj2.h */ = {isa = PBXFileReference; lastKnownFileType = sourcecode.c.h; path = MyObj2.h; sourceTree = "<group>"; };
		23398CF723F79DD6005D3A55 /* MyObj2.m */ = {isa = PBXFileReference; lastKnownFileType = sourcecode.c.objc; path = MyObj2.m; sourceTree = "<group>"; };
		23398CF923F79F77005D3A55 /* MyObj3.h */ = {isa = PBXFileReference; lastKnownFileType = sourcecode.c.h; path = MyObj3.h; sourceTree = "<group>"; };
		23398CFA23F79F77005D3A55 /* MyObj3.m */ = {isa = PBXFileReference; lastKnownFileType = sourcecode.c.objc; path = MyObj3.m; sourceTree = "<group>"; };
		23398D0423F7AC02005D3A55 /* MyObj5.h */ = {isa = PBXFileReference; lastKnownFileType = sourcecode.c.h; path = MyObj5.h; sourceTree = "<group>"; };
		23398D0523F7AC02005D3A55 /* MyObj5.m */ = {isa = PBXFileReference; lastKnownFileType = sourcecode.c.objc; path = MyObj5.m; sourceTree = "<group>"; };
		23398CF623F79DD6005D3A55 /* MyObj2.h */ = {isa = PBXFileReference; lastKnownFileType = sourcecode.c.h; path = MyObj2.h; sourceTree = "<group>"; };
		23398CF723F79DD6005D3A55 /* MyObj2.m */ = {isa = PBXFileReference; lastKnownFileType = sourcecode.c.objc; path = MyObj2.m; sourceTree = "<group>"; };
		23398D0123F7ABC8005D3A55 /* MyObj_Dev.h */ = {isa = PBXFileReference; lastKnownFileType = sourcecode.c.h; path = MyObj_Dev.h; sourceTree = "<group>"; };
		23398D0223F7ABC8005D3A55 /* MyObj_Dev.m */ = {isa = PBXFileReference; lastKnownFileType = sourcecode.c.objc; path = MyObj_Dev.m; sourceTree = "<group>"; };
		23398D0723F7AC5B005D3A55 /* MyObj6.h */ = {isa = PBXFileReference; lastKnownFileType = sourcecode.c.h; path = MyObj6.h; sourceTree = "<group>"; };
		23398D0823F7AC5B005D3A55 /* MyObj6.m */ = {isa = PBXFileReference; lastKnownFileType = sourcecode.c.objc; path = MyObj6.m; sourceTree = "<group>"; };
		23398D0D23F7B18C005D3A55 /* MyObj7.h */ = {isa = PBXFileReference; lastKnownFileType = sourcecode.c.h; path = MyObj7.h; sourceTree = "<group>"; };
		23398D0E23F7B18C005D3A55 /* MyObj7.m */ = {isa = PBXFileReference; lastKnownFileType = sourcecode.c.objc; path = MyObj7.m; sourceTree = "<group>"; };
/* End PBXFileReference section */

/* Begin PBXFrameworksBuildPhase section */
		23398CE523F79B6E005D3A55 /* Frameworks */ = {
			isa = PBXFrameworksBuildPhase;
			buildActionMask = 2147483647;
			files = (
			);
			runOnlyForDeploymentPostprocessing = 0;
		};
/* End PBXFrameworksBuildPhase section */

/* Begin PBXGroup section */
		23398CDF23F79B6E005D3A55 = {
			isa = PBXGroup;
			children = (
				23398CEA23F79B6E005D3A55 /* GitPatchDemo */,
				23398CE923F79B6E005D3A55 /* Products */,
			);
			sourceTree = "<group>";
		};
		23398CE923F79B6E005D3A55 /* Products */ = {
			isa = PBXGroup;
			children = (
				23398CE823F79B6E005D3A55 /* GitPatchDemo */,
			);
			name = Products;
			sourceTree = "<group>";
		};
		23398CEA23F79B6E005D3A55 /* GitPatchDemo */ = {
			isa = PBXGroup;
			children = (
				23398CF223F79D9A005D3A55 /* classes */,
				23398CEB23F79B6E005D3A55 /* main.m */,
				23398CF623F79DD6005D3A55 /* MyObj2.h */,
				23398CF723F79DD6005D3A55 /* MyObj2.m */,
			);
			path = GitPatchDemo;
			sourceTree = "<group>";
		};
		23398CF223F79D9A005D3A55 /* classes */ = {
			isa = PBXGroup;
			children = (
				23398CF323F79DAA005D3A55 /* MyObj.h */,
				23398CF423F79DAA005D3A55 /* MyObj.m */,
				23398CF923F79F77005D3A55 /* MyObj3.h */,
				23398CFA23F79F77005D3A55 /* MyObj3.m */,
				23398D0423F7AC02005D3A55 /* MyObj5.h */,
				23398D0523F7AC02005D3A55 /* MyObj5.m */,
				23398D0123F7ABC8005D3A55 /* MyObj_Dev.h */,
				23398D0223F7ABC8005D3A55 /* MyObj_Dev.m */,
				23398D0723F7AC5B005D3A55 /* MyObj6.h */,
				23398D0823F7AC5B005D3A55 /* MyObj6.m */,
				23398D0D23F7B18C005D3A55 /* MyObj7.h */,
				23398D0E23F7B18C005D3A55 /* MyObj7.m */,
			);
			path = classes;
			sourceTree = "<group>";
		};
/* End PBXGroup section */

/* Begin PBXNativeTarget section */
		23398CE723F79B6E005D3A55 /* GitPatchDemo */ = {
			isa = PBXNativeTarget;
			buildConfigurationList = 23398CEF23F79B6E005D3A55 /* Build configuration list for PBXNativeTarget "GitPatchDemo" */;
			buildPhases = (
				23398CE423F79B6E005D3A55 /* Sources */,
				23398CE523F79B6E005D3A55 /* Frameworks */,
				23398CE623F79B6E005D3A55 /* CopyFiles */,
			);
			buildRules = (
			);
			dependencies = (
			);
			name = GitPatchDemo;
			productName = GitPatchDemo;
			productReference = 23398CE823F79B6E005D3A55 /* GitPatchDemo */;
			productType = "com.apple.product-type.tool";
		};
/* End PBXNativeTarget section */

/* Begin PBXProject section */
		23398CE023F79B6E005D3A55 /* Project object */ = {
			isa = PBXProject;
			attributes = {
				LastUpgradeCheck = 1130;
				ORGANIZATIONNAME = Cerko;
				TargetAttributes = {
					23398CE723F79B6E005D3A55 = {
						CreatedOnToolsVersion = 11.3.1;
					};
				};
			};
			buildConfigurationList = 23398CE323F79B6E005D3A55 /* Build configuration list for PBXProject "GitPatchDemo" */;
			compatibilityVersion = "Xcode 9.3";
			developmentRegion = en;
			hasScannedForEncodings = 0;
			knownRegions = (
				en,
				Base,
			);
			mainGroup = 23398CDF23F79B6E005D3A55;
			productRefGroup = 23398CE923F79B6E005D3A55 /* Products */;
			projectDirPath = "";
			projectRoot = "";
			targets = (
				23398CE723F79B6E005D3A55 /* GitPatchDemo */,
			);
		};
/* End PBXProject section */

/* Begin PBXSourcesBuildPhase section */
		23398CE423F79B6E005D3A55 /* Sources */ = {
			isa = PBXSourcesBuildPhase;
			buildActionMask = 2147483647;
			files = (
				23398CFB23F79F77005D3A55 /* MyObj3.m in Sources */,
				23398D0623F7AC02005D3A55 /* MyObj5.m in Sources */,
				23398CF823F79DD6005D3A55 /* MyObj2.m in Sources */,
				23398D0323F7ABC8005D3A55 /* MyObj_Dev.m in Sources */,
				23398CEC23F79B6E005D3A55 /* main.m in Sources */,
				23398CF523F79DAA005D3A55 /* MyObj.m in Sources */,
				23398D0923F7AC5B005D3A55 /* MyObj6.m in Sources */,
				23398D0F23F7B18C005D3A55 /* MyObj7.m in Sources */,
			);
			runOnlyForDeploymentPostprocessing = 0;
		};
/* End PBXSourcesBuildPhase section */

/* Begin XCBuildConfiguration section */
		23398CED23F79B6E005D3A55 /* Debug */ = {
			isa = XCBuildConfiguration;
			buildSettings = {
				ALWAYS_SEARCH_USER_PATHS = NO;
				CLANG_ANALYZER_NONNULL = YES;
				CLANG_ANALYZER_NUMBER_OBJECT_CONVERSION = YES_AGGRESSIVE;
				CLANG_CXX_LANGUAGE_STANDARD = "gnu++14";
				CLANG_CXX_LIBRARY = "libc++";
				CLANG_ENABLE_MODULES = YES;
				CLANG_ENABLE_OBJC_ARC = YES;
				CLANG_ENABLE_OBJC_WEAK = YES;
				CLANG_WARN_BLOCK_CAPTURE_AUTORELEASING = YES;
				CLANG_WARN_BOOL_CONVERSION = YES;
				CLANG_WARN_COMMA = YES;
				CLANG_WARN_CONSTANT_CONVERSION = YES;
				CLANG_WARN_DEPRECATED_OBJC_IMPLEMENTATIONS = YES;
				CLANG_WARN_DIRECT_OBJC_ISA_USAGE = YES_ERROR;
				CLANG_WARN_DOCUMENTATION_COMMENTS = YES;
				CLANG_WARN_EMPTY_BODY = YES;
				CLANG_WARN_ENUM_CONVERSION = YES;
				CLANG_WARN_INFINITE_RECURSION = YES;
				CLANG_WARN_INT_CONVERSION = YES;
				CLANG_WARN_NON_LITERAL_NULL_CONVERSION = YES;
				CLANG_WARN_OBJC_IMPLICIT_RETAIN_SELF = YES;
				CLANG_WARN_OBJC_LITERAL_CONVERSION = YES;
				CLANG_WARN_OBJC_ROOT_CLASS = YES_ERROR;
				CLANG_WARN_RANGE_LOOP_ANALYSIS = YES;
				CLANG_WARN_STRICT_PROTOTYPES = YES;
				CLANG_WARN_SUSPICIOUS_MOVE = YES;
				CLANG_WARN_UNGUARDED_AVAILABILITY = YES_AGGRESSIVE;
				CLANG_WARN_UNREACHABLE_CODE = YES;
				CLANG_WARN__DUPLICATE_METHOD_MATCH = YES;
				COPY_PHASE_STRIP = NO;
				DEBUG_INFORMATION_FORMAT = dwarf;
				ENABLE_STRICT_OBJC_MSGSEND = YES;
				ENABLE_TESTABILITY = YES;
				GCC_C_LANGUAGE_STANDARD = gnu11;
				GCC_DYNAMIC_NO_PIC = NO;
				GCC_NO_COMMON_BLOCKS = YES;
				GCC_OPTIMIZATION_LEVEL = 0;
				GCC_PREPROCESSOR_DEFINITIONS = (
					"DEBUG=1",
					"$(inherited)",
				);
				GCC_WARN_64_TO_32_BIT_CONVERSION = YES;
				GCC_WARN_ABOUT_RETURN_TYPE = YES_ERROR;
				GCC_WARN_UNDECLARED_SELECTOR = YES;
				GCC_WARN_UNINITIALIZED_AUTOS = YES_AGGRESSIVE;
				GCC_WARN_UNUSED_FUNCTION = YES;
				GCC_WARN_UNUSED_VARIABLE = YES;
				MACOSX_DEPLOYMENT_TARGET = 10.14;
				MTL_ENABLE_DEBUG_INFO = INCLUDE_SOURCE;
				MTL_FAST_MATH = YES;
				ONLY_ACTIVE_ARCH = YES;
				SDKROOT = macosx;
			};
			name = Debug;
		};
		23398CEE23F79B6E005D3A55 /* Release */ = {
			isa = XCBuildConfiguration;
			buildSettings = {
				ALWAYS_SEARCH_USER_PATHS = NO;
				CLANG_ANALYZER_NONNULL = YES;
				CLANG_ANALYZER_NUMBER_OBJECT_CONVERSION = YES_AGGRESSIVE;
				CLANG_CXX_LANGUAGE_STANDARD = "gnu++14";
				CLANG_CXX_LIBRARY = "libc++";
				CLANG_ENABLE_MODULES = YES;
				CLANG_ENABLE_OBJC_ARC = YES;
				CLANG_ENABLE_OBJC_WEAK = YES;
				CLANG_WARN_BLOCK_CAPTURE_AUTORELEASING = YES;
				CLANG_WARN_BOOL_CONVERSION = YES;
				CLANG_WARN_COMMA = YES;
				CLANG_WARN_CONSTANT_CONVERSION = YES;
				CLANG_WARN_DEPRECATED_OBJC_IMPLEMENTATIONS = YES;
				CLANG_WARN_DIRECT_OBJC_ISA_USAGE = YES_ERROR;
				CLANG_WARN_DOCUMENTATION_COMMENTS = YES;
				CLANG_WARN_EMPTY_BODY = YES;
				CLANG_WARN_ENUM_CONVERSION = YES;
				CLANG_WARN_INFINITE_RECURSION = YES;
				CLANG_WARN_INT_CONVERSION = YES;
				CLANG_WARN_NON_LITERAL_NULL_CONVERSION = YES;
				CLANG_WARN_OBJC_IMPLICIT_RETAIN_SELF = YES;
				CLANG_WARN_OBJC_LITERAL_CONVERSION = YES;
				CLANG_WARN_OBJC_ROOT_CLASS = YES_ERROR;
				CLANG_WARN_RANGE_LOOP_ANALYSIS = YES;
				CLANG_WARN_STRICT_PROTOTYPES = YES;
				CLANG_WARN_SUSPICIOUS_MOVE = YES;
				CLANG_WARN_UNGUARDED_AVAILABILITY = YES_AGGRESSIVE;
				CLANG_WARN_UNREACHABLE_CODE = YES;
				CLANG_WARN__DUPLICATE_METHOD_MATCH = YES;
				COPY_PHASE_STRIP = NO;
				DEBUG_INFORMATION_FORMAT = "dwarf-with-dsym";
				ENABLE_NS_ASSERTIONS = NO;
				ENABLE_STRICT_OBJC_MSGSEND = YES;
				GCC_C_LANGUAGE_STANDARD = gnu11;
				GCC_NO_COMMON_BLOCKS = YES;
				GCC_WARN_64_TO_32_BIT_CONVERSION = YES;
				GCC_WARN_ABOUT_RETURN_TYPE = YES_ERROR;
				GCC_WARN_UNDECLARED_SELECTOR = YES;
				GCC_WARN_UNINITIALIZED_AUTOS = YES_AGGRESSIVE;
				GCC_WARN_UNUSED_FUNCTION = YES;
				GCC_WARN_UNUSED_VARIABLE = YES;
				MACOSX_DEPLOYMENT_TARGET = 10.14;
				MTL_ENABLE_DEBUG_INFO = NO;
				MTL_FAST_MATH = YES;
				SDKROOT = macosx;
			};
			name = Release;
		};
		23398CF023F79B6E005D3A55 /* Debug */ = {
			isa = XCBuildConfiguration;
			buildSettings = {
				CODE_SIGN_STYLE = Automatic;
				DEVELOPMENT_TEAM = 48E3LB8PD7;
				ENABLE_HARDENED_RUNTIME = YES;
				PRODUCT_NAME = "$(TARGET_NAME)";
			};
			name = Debug;
		};
		23398CF123F79B6E005D3A55 /* Release */ = {
			isa = XCBuildConfiguration;
			buildSettings = {
				CODE_SIGN_STYLE = Automatic;
				DEVELOPMENT_TEAM = 48E3LB8PD7;
				ENABLE_HARDENED_RUNTIME = YES;
				PRODUCT_NAME = "$(TARGET_NAME)";
			};
			name = Release;
		};
/* End XCBuildConfiguration section */

/* Begin XCConfigurationList section */
		23398CE323F79B6E005D3A55 /* Build configuration list for PBXProject "GitPatchDemo" */ = {
			isa = XCConfigurationList;
			buildConfigurations = (
				23398CED23F79B6E005D3A55 /* Debug */,
				23398CEE23F79B6E005D3A55 /* Release */,
			);
			defaultConfigurationIsVisible = 0;
			defaultConfigurationName = Release;
		};
		23398CEF23F79B6E005D3A55 /* Build configuration list for PBXNativeTarget "GitPatchDemo" */ = {
			isa = XCConfigurationList;
			buildConfigurations = (
				23398CF023F79B6E005D3A55 /* Debug */,
				23398CF123F79B6E005D3A55 /* Release */,
			);
			defaultConfigurationIsVisible = 0;
			defaultConfigurationName = Release;
		};
/* End XCConfigurationList section */
	};
	rootObject = 23398CE023F79B6E005D3A55 /* Project object */;
}
